lockfileVersion: '6.1'

settings:
  autoInstallPeers: true
  excludeLinksFromLockfile: false

dependencies:
  '@cprussin/prettier-config':
    specifier: file:../../../dist
    version: file:../../../dist

packages:

  file:../../../dist:
    resolution: {directory: ../../../dist, type: directory}
    name: '@cprussin/prettier-config'
    version: 1.0.2
    dev: false
