lockfileVersion: '9.0'

settings:
  autoInstallPeers: true
  excludeLinksFromLockfile: false

importers:

  .:
    dependencies:
      '@cprussin/prettier-config':
        specifier: file:../../../dist
        version: file:../../../dist(prettier@3.5.3)

packages:

  '@cprussin/prettier-config@file:../../../dist':
    resolution: {directory: ../../../dist, type: directory}
    engines: {node: '>=22.16.0'}
    peerDependencies:
      prettier: ^3.5.3

  prettier-plugin-tailwindcss@0.7.2:
    resolution: {integrity: sha512-LkphyK3Fw+q2HdMOoiEHWf93fNtYJwfamoKPl7UwtjFQdei/iIBoX11G6j706FzN3ymX9mPVi97qIY8328vdnA==}
    engines: {node: '>=20.19'}
    peerDependencies:
      '@ianvs/prettier-plugin-sort-imports': '*'
      '@prettier/plugin-hermes': '*'
      '@prettier/plugin-oxc': '*'
      '@prettier/plugin-pug': '*'
      '@shopify/prettier-plugin-liquid': '*'
      '@trivago/prettier-plugin-sort-imports': '*'
      '@zackad/prettier-plugin-twig': '*'
      prettier: ^3.0
      prettier-plugin-astro: '*'
      prettier-plugin-css-order: '*'
      prettier-plugin-jsdoc: '*'
      prettier-plugin-marko: '*'
      prettier-plugin-multiline-arrays: '*'
      prettier-plugin-organize-attributes: '*'
      prettier-plugin-organize-imports: '*'
      prettier-plugin-sort-imports: '*'
      prettier-plugin-svelte: '*'
    peerDependenciesMeta:
      '@ianvs/prettier-plugin-sort-imports':
        optional: true
      '@prettier/plugin-hermes':
        optional: true
      '@prettier/plugin-oxc':
        optional: true
      '@prettier/plugin-pug':
        optional: true
      '@shopify/prettier-plugin-liquid':
        optional: true
      '@trivago/prettier-plugin-sort-imports':
        optional: true
      '@zackad/prettier-plugin-twig':
        optional: true
      prettier-plugin-astro:
        optional: true
      prettier-plugin-css-order:
        optional: true
      prettier-plugin-jsdoc:
        optional: true
      prettier-plugin-marko:
        optional: true
      prettier-plugin-multiline-arrays:
        optional: true
      prettier-plugin-organize-attributes:
        optional: true
      prettier-plugin-organize-imports:
        optional: true
      prettier-plugin-sort-imports:
        optional: true
      prettier-plugin-svelte:
        optional: true

  prettier@3.5.3:
    resolution: {integrity: sha512-QQtaxnoDJeAkDvDKWCLiwIXkTgRhwYDEQCghU9Z6q03iyek/rxRh/2lC3HB7P8sWT2xC/y5JDctPLBIGzHKbhw==}
    engines: {node: '>=14'}
    hasBin: true

snapshots:

  '@cprussin/prettier-config@file:../../../dist(prettier@3.5.3)':
    dependencies:
      prettier: 3.5.3
      prettier-plugin-tailwindcss: 0.7.2(prettier@3.5.3)
    transitivePeerDependencies:
      - '@ianvs/prettier-plugin-sort-imports'
      - '@prettier/plugin-hermes'
      - '@prettier/plugin-oxc'
      - '@prettier/plugin-pug'
      - '@shopify/prettier-plugin-liquid'
      - '@trivago/prettier-plugin-sort-imports'
      - '@zackad/prettier-plugin-twig'
      - prettier-plugin-astro
      - prettier-plugin-css-order
      - prettier-plugin-jsdoc
      - prettier-plugin-marko
      - prettier-plugin-multiline-arrays
      - prettier-plugin-organize-attributes
      - prettier-plugin-organize-imports
      - prettier-plugin-sort-imports
      - prettier-plugin-svelte

  prettier-plugin-tailwindcss@0.7.2(prettier@3.5.3):
    dependencies:
      prettier: 3.5.3

  prettier@3.5.3: {}
