lockfileVersion: '6.1'

settings:
  autoInstallPeers: true
  excludeLinksFromLockfile: false

devDependencies:
  '@cprussin/tsconfig':
    specifier: file:../../../dist
    version: file:../../../dist

packages:

  file:../../../dist:
    resolution: {directory: ../../../dist, type: directory}
    name: '@cprussin/tsconfig'
    version: 1.0.1
    dev: true
