lockfileVersion: '9.0'

settings:
  autoInstallPeers: true
  excludeLinksFromLockfile: false

importers:

  .:
    devDependencies:
      '@cprussin/tsconfig':
        specifier: file:../../../dist
        version: file:../../../dist(typescript@5.8.2)

packages:

  '@cprussin/tsconfig@file:../../../dist':
    resolution: {directory: ../../../dist, type: directory}
    peerDependencies:
      typescript: ^5.8.2

  typescript@5.8.2:
    resolution: {integrity: sha512-aJn6wq13/afZp/jT9QZmwEjDqqvSGp1VT5GVg+f/t6/oVyrgXM6BY1h9BRh/O5p3PlUPAe+WuiEZOmb/49RqoQ==}
    engines: {node: '>=14.17'}
    hasBin: true

snapshots:

  '@cprussin/tsconfig@file:../../../dist(typescript@5.8.2)':
    dependencies:
      typescript: 5.8.2

  typescript@5.8.2: {}
