lockfileVersion: '6.1'

settings:
  autoInstallPeers: true
  excludeLinksFromLockfile: false

dependencies:
  '@cprussin/option-result':
    specifier: file:../../../dist
    version: file:../../../dist

packages:

  file:../../../dist:
    resolution: {directory: ../../../dist, type: directory}
    name: '@cprussin/option-result'
    version: 1.1.0
    dev: false
